
Microsoft Visual Studio Solution File, Format Version 12.00
# Visual Studio Version 17
VisualStudioVersion = 17.11.35327.3
MinimumVisualStudioVersion = 10.0.40219.1
Project("{FAE04EC0-301F-11D3-BF4B-00C04F79EFBC}") = "Palworld_Breed", "Palworld_Breed\Palworld_Breed.csproj", "{7ADE87DA-31DB-46DB-B823-E5FD4BF524E9}"
EndProject
Global
	GlobalSection(SolutionConfigurationPlatforms) = preSolution
		Debug|Any CPU = Debug|Any CPU
		Release|Any CPU = Release|Any CPU
	EndGlobalSection
	GlobalSection(ProjectConfigurationPlatforms) = postSolution
		{7ADE87DA-31DB-46DB-B823-E5FD4BF524E9}.Debug|Any CPU.ActiveCfg = Debug|Any CPU
		{7ADE87DA-31DB-46DB-B823-E5FD4BF524E9}.Debug|Any CPU.Build.0 = Debug|Any CPU
		{7ADE87DA-31DB-46DB-B823-E5FD4BF524E9}.Release|Any CPU.ActiveCfg = Release|Any CPU
		{7ADE87DA-31DB-46DB-B823-E5FD4BF524E9}.Release|Any CPU.Build.0 = Release|Any CPU
	EndGlobalSection
	GlobalSection(SolutionProperties) = preSolution
		HideSolutionNode = FALSE
	EndGlobalSection
	GlobalSection(ExtensibilityGlobals) = postSolution
		SolutionGuid = {076CA5BA-5B57-47CF-B270-4DC3B1F27D3A}
	EndGlobalSection
EndGlobal
